
Microsoft Visual Studio Solution File, Format Version 12.00
# Visual Studio Version 17
VisualStudioVersion = 17.7.34024.191
MinimumVisualStudioVersion = 10.0.40219.1
Project("{9A19103F-16F7-4668-BE54-9A1E7A4F7556}") = "RecommendationNetwork", "RecommendationNetwork\RecommendationNetwork.csproj", "{0A671320-9062-4083-8034-E00F883D154A}"
EndProject
Project("{9A19103F-16F7-4668-BE54-9A1E7A4F7556}") = "ProductStore", "ProductStore\ProductStore.csproj", "{A1174736-2A2A-4507-B77C-5C69ED7FAFE6}"
EndProject
Project("{9A19103F-16F7-4668-BE54-9A1E7A4F7556}") = "ApiGateway", "ApiGateway\ApiGateway.csproj", "{32D37229-FB22-4D02-B29D-6CE14C3F7910}"
EndProject
Project("{9A19103F-16F7-4668-BE54-9A1E7A4F7556}") = "BlazorServerFrontend", "BlazorServerFrontend\BlazorServerFrontend.csproj", "{F6CFCE1B-87A7-48C5-A65C-1B8168E41E61}"
EndProject
Global
	GlobalSection(SolutionConfigurationPlatforms) = preSolution
		Debug|Any CPU = Debug|Any CPU
		Release|Any CPU = Release|Any CPU
	EndGlobalSection
	GlobalSection(ProjectConfigurationPlatforms) = postSolution
		{0A671320-9062-4083-8034-E00F883D154A}.Debug|Any CPU.ActiveCfg = Debug|Any CPU
		{0A671320-9062-4083-8034-E00F883D154A}.Debug|Any CPU.Build.0 = Debug|Any CPU
		{0A671320-9062-4083-8034-E00F883D154A}.Release|Any CPU.ActiveCfg = Release|Any CPU
		{0A671320-9062-4083-8034-E00F883D154A}.Release|Any CPU.Build.0 = Release|Any CPU
		{A1174736-2A2A-4507-B77C-5C69ED7FAFE6}.Debug|Any CPU.ActiveCfg = Debug|Any CPU
		{A1174736-2A2A-4507-B77C-5C69ED7FAFE6}.Debug|Any CPU.Build.0 = Debug|Any CPU
		{A1174736-2A2A-4507-B77C-5C69ED7FAFE6}.Release|Any CPU.ActiveCfg = Release|Any CPU
		{A1174736-2A2A-4507-B77C-5C69ED7FAFE6}.Release|Any CPU.Build.0 = Release|Any CPU
		{32D37229-FB22-4D02-B29D-6CE14C3F7910}.Debug|Any CPU.ActiveCfg = Debug|Any CPU
		{32D37229-FB22-4D02-B29D-6CE14C3F7910}.Debug|Any CPU.Build.0 = Debug|Any CPU
		{32D37229-FB22-4D02-B29D-6CE14C3F7910}.Release|Any CPU.ActiveCfg = Release|Any CPU
		{32D37229-FB22-4D02-B29D-6CE14C3F7910}.Release|Any CPU.Build.0 = Release|Any CPU
		{F6CFCE1B-87A7-48C5-A65C-1B8168E41E61}.Debug|Any CPU.ActiveCfg = Debug|Any CPU
		{F6CFCE1B-87A7-48C5-A65C-1B8168E41E61}.Debug|Any CPU.Build.0 = Debug|Any CPU
		{F6CFCE1B-87A7-48C5-A65C-1B8168E41E61}.Release|Any CPU.ActiveCfg = Release|Any CPU
		{F6CFCE1B-87A7-48C5-A65C-1B8168E41E61}.Release|Any CPU.Build.0 = Release|Any CPU
	EndGlobalSection
	GlobalSection(SolutionProperties) = preSolution
		HideSolutionNode = FALSE
	EndGlobalSection
	GlobalSection(ExtensibilityGlobals) = postSolution
		SolutionGuid = {E59556A8-35DF-46DC-847F-C527FE571B0C}
	EndGlobalSection
EndGlobal
